dependencies:
- name: postgresql
  repository: https://charts.bitnami.com/bitnami
  version: 10.12.3
- name: keycloak
  repository: https://codecentric.github.io/helm-charts
  version: 15.1.0
digest: sha256:f9242c88afef852d886c0c03ed985abe8bbca1aafe52f30bc7ff01fadac8675c
generated: "2021-10-13T09:59:45.966764-04:00"
